name: Download adblock source list

on:
  schedule:
    - cron: 0 */12 * * *
  workflow_dispatch:

jobs:
  build:
    runs-on: ubuntu-latest
    steps:
      - uses: actions/checkout@v3
      - name: adblock
        run: |
          echo "Downloading Adguard DNS block list..."
          curl -s https://adguardteam.github.io/AdGuardSDNSFilter/Filters/filter.txt -o filter.txt
          grep -o -P '(?<=^\|\|).*(?=\^$)' filter.txt | grep -v '\*' > AdguardDNS.yaml
          sed -ie '/^#/! s/^/  - DOMAIN,/' AdguardDNS.yaml
          sed -i '1i payload:' AdguardDNS.yaml
          rm -fr AdguardDNS.yamle filter.txte filter.txt
          
          echo "Downloading Adguard DNS block list..."
          curl -s https://adguardteam.github.io/HostlistsRegistry/assets/filter_27.txt -o filter_27.txt
          grep -o -P '(?<=^\|\|).*(?=\^$)' filter_27.txt | grep -v '\*' > adaway.yaml
          sed -ie '/^#/! s/^/  - DOMAIN,/' adaway.yaml
          sed -i '1i payload:' adaway.yaml
          rm -fr adaway.yamle filter_27.txte filter_27.txt
          
          echo "Downloading ABPIndo block list..."
          curl -s 'https://raw.githubusercontent.com/ABPindo/indonesianadblockrules/master/subscriptions/domain.txt' -o ABPindo.yaml
          sed -ie '/^#/! s/^/  - DOMAIN,/' ABPindo.yaml
          sed -i '1s/^/payload:\n/' ABPindo.yaml
          rm -fr ABPindo.yamle
      - uses: stefanzweifel/git-auto-commit-action@v4
        with:
          commit_message: Automatic update
